
Microsoft Visual Studio Solution File, Format Version 12.00
# Visual Studio Version 16
VisualStudioVersion = 16.0.33027.164
MinimumVisualStudioVersion = 10.0.40219.1
Project("{FAE04EC0-301F-11D3-BF4B-00C04F79EFBC}") = "CalculatorUsingInterface", "CalculatorUsingInterface\CalculatorUsingInterface.csproj", "{EBDCBEC5-3A1C-4F28-81CC-AEA768AE4C8A}"
EndProject
Global
	GlobalSection(SolutionConfigurationPlatforms) = preSolution
		Debug|Any CPU = Debug|Any CPU
		Release|Any CPU = Release|Any CPU
	EndGlobalSection
	GlobalSection(ProjectConfigurationPlatforms) = postSolution
		{EBDCBEC5-3A1C-4F28-81CC-AEA768AE4C8A}.Debug|Any CPU.ActiveCfg = Debug|Any CPU
		{EBDCBEC5-3A1C-4F28-81CC-AEA768AE4C8A}.Debug|Any CPU.Build.0 = Debug|Any CPU
		{EBDCBEC5-3A1C-4F28-81CC-AEA768AE4C8A}.Release|Any CPU.ActiveCfg = Release|Any CPU
		{EBDCBEC5-3A1C-4F28-81CC-AEA768AE4C8A}.Release|Any CPU.Build.0 = Release|Any CPU
	EndGlobalSection
	GlobalSection(SolutionProperties) = preSolution
		HideSolutionNode = FALSE
	EndGlobalSection
	GlobalSection(ExtensibilityGlobals) = postSolution
		SolutionGuid = {E456CE82-7E2D-4806-B5DF-A3F37717A976}
	EndGlobalSection
EndGlobal
